<?xml version="1.0" encoding="utf-8"?>
<Project ToolsVersion="4.0" xmlns="http://schemas.microsoft.com/developer/msbuild/2003">
  <ItemGroup>
    <ClCompile Include="AudioMgr.cpp" />
    <ClCompile Include="AudioMgrFMOD.cpp" />
    <ClCompile Include="FileUtils.cpp" />
    <ClCompile Include="playMode.cpp" />
    <ClCompile Include="creature.cpp" />
    <ClCompile Include="D3D.cpp" />
    <ClCompile Include="D3DUtil.cpp" />
    <ClCompile Include="game.cpp" />
    <ClCompile Include="Input.cpp" />
    <ClCompile Include="main.cpp" />
    <ClCompile Include="ModeMgr.cpp" />
    <ClCompile Include="sprite.cpp" />
    <ClCompile Include="TexCache.cpp" />
    <ClCompile Include="WindowUtils.cpp" />
  </ItemGroup>
  <ItemGroup>
    <ClInclude Include="D3D.h" />
    <ClInclude Include="AudioMgr.h">
      <Filter>Header Files</Filter>
    </ClInclude>
    <ClInclude Include="creature.h">
      <Filter>Header Files</Filter>
    </ClInclude>
    <ClInclude Include="AudioMgrFMOD.h">
      <Filter>Header Files</Filter>
    </ClInclude>
    <ClInclude Include="D3DUtil.h">
      <Filter>Header Files</Filter>
    </ClInclude>
    <ClInclude Include="FileUtils.h">
      <Filter>Header Files</Filter>
    </ClInclude>
    <ClInclude Include="game.h">
      <Filter>Header Files</Filter>
    </ClInclude>
    <ClInclude Include="Input.h">
      <Filter>Header Files</Filter>
    </ClInclude>
    <ClInclude Include="miniaudio.h">
      <Filter>Header Files</Filter>
    </ClInclude>
    <ClInclude Include="ModeMgr.h">
      <Filter>Header Files</Filter>
    </ClInclude>
    <ClInclude Include="Singleton.h">
      <Filter>Header Files</Filter>
    </ClInclude>
    <ClInclude Include="sprite.h">
      <Filter>Header Files</Filter>
    </ClInclude>
    <ClInclude Include="TexCache.h">
      <Filter>Header Files</Filter>
    </ClInclude>
    <ClInclude Include="WindowUtils.h">
      <Filter>Header Files</Filter>
    </ClInclude>
  </ItemGroup>
  <ItemGroup>
    <None Include="..\bin\data\pixelText.spritefont" />
  </ItemGroup>
  <ItemGroup>
    <Filter Include="Header Files">
      <UniqueIdentifier>{897fa8ee-c299-427c-b0c5-0234cab494e7}</UniqueIdentifier>
    </Filter>
  </ItemGroup>
</Project>